
Microsoft Visual Studio Solution File, Format Version 12.00
# Visual Studio 14
VisualStudioVersion = 14.0.24720.0
MinimumVisualStudioVersion = 10.0.40219.1
Project("{FAE04EC0-301F-11D3-BF4B-00C04F79EFBC}") = "Exjobb.Outbound", "Exjobb\Exjobb.Outbound.csproj", "{37398030-CCCC-4F78-8A9D-01C79A7F62C0}"
EndProject
Project("{FAE04EC0-301F-11D3-BF4B-00C04F79EFBC}") = "Exjobb.Tests", "Exjobb.Tests\Exjobb.Tests.csproj", "{9C342A42-4E12-4CD4-9A1C-F28906FF1C7B}"
EndProject
Project("{FAE04EC0-301F-11D3-BF4B-00C04F79EFBC}") = "Exjobb.Shared", "Exjobb.Shared\Exjobb.Shared.csproj", "{56B3BD42-116A-4C2F-9F01-391F7F593979}"
EndProject
Project("{FAE04EC0-301F-11D3-BF4B-00C04F79EFBC}") = "Exjobb.Extension", "Exjobb.Extension\Exjobb.Extension.csproj", "{75A2E749-E852-491B-997D-8CD8A8E0264A}"
EndProject
Global
	GlobalSection(SolutionConfigurationPlatforms) = preSolution
		Debug|Any CPU = Debug|Any CPU
		Release|Any CPU = Release|Any CPU
	EndGlobalSection
	GlobalSection(ProjectConfigurationPlatforms) = postSolution
		{37398030-CCCC-4F78-8A9D-01C79A7F62C0}.Debug|Any CPU.ActiveCfg = Debug|Any CPU
		{37398030-CCCC-4F78-8A9D-01C79A7F62C0}.Debug|Any CPU.Build.0 = Debug|Any CPU
		{37398030-CCCC-4F78-8A9D-01C79A7F62C0}.Release|Any CPU.ActiveCfg = Release|Any CPU
		{37398030-CCCC-4F78-8A9D-01C79A7F62C0}.Release|Any CPU.Build.0 = Release|Any CPU
		{9C342A42-4E12-4CD4-9A1C-F28906FF1C7B}.Debug|Any CPU.ActiveCfg = Debug|Any CPU
		{9C342A42-4E12-4CD4-9A1C-F28906FF1C7B}.Debug|Any CPU.Build.0 = Debug|Any CPU
		{9C342A42-4E12-4CD4-9A1C-F28906FF1C7B}.Release|Any CPU.ActiveCfg = Release|Any CPU
		{9C342A42-4E12-4CD4-9A1C-F28906FF1C7B}.Release|Any CPU.Build.0 = Release|Any CPU
		{56B3BD42-116A-4C2F-9F01-391F7F593979}.Debug|Any CPU.ActiveCfg = Debug|Any CPU
		{56B3BD42-116A-4C2F-9F01-391F7F593979}.Debug|Any CPU.Build.0 = Debug|Any CPU
		{56B3BD42-116A-4C2F-9F01-391F7F593979}.Release|Any CPU.ActiveCfg = Release|Any CPU
		{56B3BD42-116A-4C2F-9F01-391F7F593979}.Release|Any CPU.Build.0 = Release|Any CPU
		{75A2E749-E852-491B-997D-8CD8A8E0264A}.Debug|Any CPU.ActiveCfg = Debug|Any CPU
		{75A2E749-E852-491B-997D-8CD8A8E0264A}.Debug|Any CPU.Build.0 = Debug|Any CPU
		{75A2E749-E852-491B-997D-8CD8A8E0264A}.Release|Any CPU.ActiveCfg = Release|Any CPU
		{75A2E749-E852-491B-997D-8CD8A8E0264A}.Release|Any CPU.Build.0 = Release|Any CPU
	EndGlobalSection
	GlobalSection(SolutionProperties) = preSolution
		HideSolutionNode = FALSE
	EndGlobalSection
EndGlobal
